
Microsoft Visual Studio Solution File, Format Version 12.00
# Visual Studio Version 17
VisualStudioVersion = 17.3.32922.545
MinimumVisualStudioVersion = 10.0.40219.1
Project("{9A19103F-16F7-4668-BE54-9A1E7A4F7556}") = "Propriedades - Metodos - Construtores", "Propriedades - Metodos - Construtores.csproj", "{571A5C7E-8637-49BF-9847-398AD89AE773}"
EndProject
Project("{9A19103F-16F7-4668-BE54-9A1E7A4F7556}") = "Models", "..\Models\Models.csproj", "{4CC1D080-C3D0-4E78-9048-C5190F6A7013}"
EndProject
Global
	GlobalSection(SolutionConfigurationPlatforms) = preSolution
		Debug|Any CPU = Debug|Any CPU
		Release|Any CPU = Release|Any CPU
	EndGlobalSection
	GlobalSection(ProjectConfigurationPlatforms) = postSolution
		{571A5C7E-8637-49BF-9847-398AD89AE773}.Debug|Any CPU.ActiveCfg = Debug|Any CPU
		{571A5C7E-8637-49BF-9847-398AD89AE773}.Debug|Any CPU.Build.0 = Debug|Any CPU
		{571A5C7E-8637-49BF-9847-398AD89AE773}.Release|Any CPU.ActiveCfg = Release|Any CPU
		{571A5C7E-8637-49BF-9847-398AD89AE773}.Release|Any CPU.Build.0 = Release|Any CPU
		{4CC1D080-C3D0-4E78-9048-C5190F6A7013}.Debug|Any CPU.ActiveCfg = Debug|Any CPU
		{4CC1D080-C3D0-4E78-9048-C5190F6A7013}.Debug|Any CPU.Build.0 = Debug|Any CPU
		{4CC1D080-C3D0-4E78-9048-C5190F6A7013}.Release|Any CPU.ActiveCfg = Release|Any CPU
		{4CC1D080-C3D0-4E78-9048-C5190F6A7013}.Release|Any CPU.Build.0 = Release|Any CPU
	EndGlobalSection
	GlobalSection(SolutionProperties) = preSolution
		HideSolutionNode = FALSE
	EndGlobalSection
	GlobalSection(ExtensibilityGlobals) = postSolution
		SolutionGuid = {2195AD5E-B291-4ECF-AF69-EAB133640090}
	EndGlobalSection
EndGlobal
